
Microsoft Visual Studio Solution File, Format Version 12.00
# Visual Studio Version 17
VisualStudioVersion = 17.0.31903.59
MinimumVisualStudioVersion = 10.0.40219.1
Project("{2150E333-8FDC-42A3-9474-1A3956D46DE8}") = "src", "src", "{574D7640-1297-4542-85FE-E6A9FBB91CA5}"
EndProject
Project("{FAE04EC0-301F-11D3-BF4B-00C04F79EFBC}") = "BlazorWasmSWA", "src\BlazorWasmSWA\BlazorWasmSWA.csproj", "{904F65ED-04BA-4B14-93DE-32881BF3842F}"
EndProject
Project("{FAE04EC0-301F-11D3-BF4B-00C04F79EFBC}") = "BlazorWasmStorage", "src\BlazorWasmStorage\BlazorWasmStorage.csproj", "{3E146783-0D5F-4B44-87CE-7953E9B0C9E8}"
EndProject
Project("{FAE04EC0-301F-11D3-BF4B-00C04F79EFBC}") = "BlazorWasmDocker", "src\BlazorWasmDocker\BlazorWasmDocker.csproj", "{45976B8A-3390-4413-B49C-7FF1B1F7E315}"
EndProject
Project("{2150E333-8FDC-42A3-9474-1A3956D46DE8}") = "BlazorHosted", "BlazorHosted", "{628A03C6-25E2-4B26-A5C1-DF64E232CB89}"
EndProject
Project("{FAE04EC0-301F-11D3-BF4B-00C04F79EFBC}") = "BlazorHosted.Shared", "src\BlazorHosted\Shared\BlazorHosted.Shared.csproj", "{9AA857CD-30FE-449E-A625-7B5362C297AB}"
EndProject
Project("{FAE04EC0-301F-11D3-BF4B-00C04F79EFBC}") = "BlazorHosted.Server", "src\BlazorHosted\Server\BlazorHosted.Server.csproj", "{C19416C0-73C4-4A7F-909B-F3E603824BCC}"
EndProject
Project("{FAE04EC0-301F-11D3-BF4B-00C04F79EFBC}") = "BlazorHosted.Client", "src\BlazorHosted\Client\BlazorHosted.Client.csproj", "{FD094855-834B-464A-806F-3FB9E66C5322}"
EndProject
Global
	GlobalSection(SolutionConfigurationPlatforms) = preSolution
		Debug|Any CPU = Debug|Any CPU
		Release|Any CPU = Release|Any CPU
	EndGlobalSection
	GlobalSection(SolutionProperties) = preSolution
		HideSolutionNode = FALSE
	EndGlobalSection
	GlobalSection(ProjectConfigurationPlatforms) = postSolution
		{904F65ED-04BA-4B14-93DE-32881BF3842F}.Debug|Any CPU.ActiveCfg = Debug|Any CPU
		{904F65ED-04BA-4B14-93DE-32881BF3842F}.Debug|Any CPU.Build.0 = Debug|Any CPU
		{904F65ED-04BA-4B14-93DE-32881BF3842F}.Release|Any CPU.ActiveCfg = Release|Any CPU
		{904F65ED-04BA-4B14-93DE-32881BF3842F}.Release|Any CPU.Build.0 = Release|Any CPU
		{3E146783-0D5F-4B44-87CE-7953E9B0C9E8}.Debug|Any CPU.ActiveCfg = Debug|Any CPU
		{3E146783-0D5F-4B44-87CE-7953E9B0C9E8}.Debug|Any CPU.Build.0 = Debug|Any CPU
		{3E146783-0D5F-4B44-87CE-7953E9B0C9E8}.Release|Any CPU.ActiveCfg = Release|Any CPU
		{3E146783-0D5F-4B44-87CE-7953E9B0C9E8}.Release|Any CPU.Build.0 = Release|Any CPU
		{45976B8A-3390-4413-B49C-7FF1B1F7E315}.Debug|Any CPU.ActiveCfg = Debug|Any CPU
		{45976B8A-3390-4413-B49C-7FF1B1F7E315}.Debug|Any CPU.Build.0 = Debug|Any CPU
		{45976B8A-3390-4413-B49C-7FF1B1F7E315}.Release|Any CPU.ActiveCfg = Release|Any CPU
		{45976B8A-3390-4413-B49C-7FF1B1F7E315}.Release|Any CPU.Build.0 = Release|Any CPU
		{9AA857CD-30FE-449E-A625-7B5362C297AB}.Debug|Any CPU.ActiveCfg = Debug|Any CPU
		{9AA857CD-30FE-449E-A625-7B5362C297AB}.Debug|Any CPU.Build.0 = Debug|Any CPU
		{9AA857CD-30FE-449E-A625-7B5362C297AB}.Release|Any CPU.ActiveCfg = Release|Any CPU
		{9AA857CD-30FE-449E-A625-7B5362C297AB}.Release|Any CPU.Build.0 = Release|Any CPU
		{C19416C0-73C4-4A7F-909B-F3E603824BCC}.Debug|Any CPU.ActiveCfg = Debug|Any CPU
		{C19416C0-73C4-4A7F-909B-F3E603824BCC}.Debug|Any CPU.Build.0 = Debug|Any CPU
		{C19416C0-73C4-4A7F-909B-F3E603824BCC}.Release|Any CPU.ActiveCfg = Release|Any CPU
		{C19416C0-73C4-4A7F-909B-F3E603824BCC}.Release|Any CPU.Build.0 = Release|Any CPU
		{FD094855-834B-464A-806F-3FB9E66C5322}.Debug|Any CPU.ActiveCfg = Debug|Any CPU
		{FD094855-834B-464A-806F-3FB9E66C5322}.Debug|Any CPU.Build.0 = Debug|Any CPU
		{FD094855-834B-464A-806F-3FB9E66C5322}.Release|Any CPU.ActiveCfg = Release|Any CPU
		{FD094855-834B-464A-806F-3FB9E66C5322}.Release|Any CPU.Build.0 = Release|Any CPU
	EndGlobalSection
	GlobalSection(NestedProjects) = preSolution
		{904F65ED-04BA-4B14-93DE-32881BF3842F} = {574D7640-1297-4542-85FE-E6A9FBB91CA5}
		{3E146783-0D5F-4B44-87CE-7953E9B0C9E8} = {574D7640-1297-4542-85FE-E6A9FBB91CA5}
		{45976B8A-3390-4413-B49C-7FF1B1F7E315} = {574D7640-1297-4542-85FE-E6A9FBB91CA5}
		{628A03C6-25E2-4B26-A5C1-DF64E232CB89} = {574D7640-1297-4542-85FE-E6A9FBB91CA5}
		{9AA857CD-30FE-449E-A625-7B5362C297AB} = {628A03C6-25E2-4B26-A5C1-DF64E232CB89}
		{C19416C0-73C4-4A7F-909B-F3E603824BCC} = {628A03C6-25E2-4B26-A5C1-DF64E232CB89}
		{FD094855-834B-464A-806F-3FB9E66C5322} = {628A03C6-25E2-4B26-A5C1-DF64E232CB89}
	EndGlobalSection
EndGlobal
